
Microsoft Visual Studio Solution File, Format Version 12.00
# Visual Studio Version 16
VisualStudioVersion = 16.0.31105.61
MinimumVisualStudioVersion = 10.0.40219.1
Project("{FAE04EC0-301F-11D3-BF4B-00C04F79EFBC}") = "ConsoleApp8", "ConsoleApp8\ConsoleApp8.csproj", "{FF92D107-D280-4EA7-868B-EE26061F2A28}"
EndProject
Global
	GlobalSection(SolutionConfigurationPlatforms) = preSolution
		Debug|Any CPU = Debug|Any CPU
		Release|Any CPU = Release|Any CPU
	EndGlobalSection
	GlobalSection(ProjectConfigurationPlatforms) = postSolution
		{FF92D107-D280-4EA7-868B-EE26061F2A28}.Debug|Any CPU.ActiveCfg = Debug|Any CPU
		{FF92D107-D280-4EA7-868B-EE26061F2A28}.Debug|Any CPU.Build.0 = Debug|Any CPU
		{FF92D107-D280-4EA7-868B-EE26061F2A28}.Release|Any CPU.ActiveCfg = Release|Any CPU
		{FF92D107-D280-4EA7-868B-EE26061F2A28}.Release|Any CPU.Build.0 = Release|Any CPU
	EndGlobalSection
	GlobalSection(SolutionProperties) = preSolution
		HideSolutionNode = FALSE
	EndGlobalSection
	GlobalSection(ExtensibilityGlobals) = postSolution
		SolutionGuid = {54767252-7CA7-40EC-844F-65060679EED5}
	EndGlobalSection
EndGlobal
