
Microsoft Visual Studio Solution File, Format Version 12.00
# Visual Studio Version 16
VisualStudioVersion = 16.0.31105.61
MinimumVisualStudioVersion = 10.0.40219.1
Project("{FAE04EC0-301F-11D3-BF4B-00C04F79EFBC}") = "Functies.py", "Functies.py\Functies.py.csproj", "{DBA98CF7-B7CB-420D-891B-3AA2B3753526}"
EndProject
Global
	GlobalSection(SolutionConfigurationPlatforms) = preSolution
		Debug|Any CPU = Debug|Any CPU
		Release|Any CPU = Release|Any CPU
	EndGlobalSection
	GlobalSection(ProjectConfigurationPlatforms) = postSolution
		{DBA98CF7-B7CB-420D-891B-3AA2B3753526}.Debug|Any CPU.ActiveCfg = Debug|Any CPU
		{DBA98CF7-B7CB-420D-891B-3AA2B3753526}.Debug|Any CPU.Build.0 = Debug|Any CPU
		{DBA98CF7-B7CB-420D-891B-3AA2B3753526}.Release|Any CPU.ActiveCfg = Release|Any CPU
		{DBA98CF7-B7CB-420D-891B-3AA2B3753526}.Release|Any CPU.Build.0 = Release|Any CPU
	EndGlobalSection
	GlobalSection(SolutionProperties) = preSolution
		HideSolutionNode = FALSE
	EndGlobalSection
	GlobalSection(ExtensibilityGlobals) = postSolution
		SolutionGuid = {F7A9DF97-56FF-4C8D-825F-70F5636F3DF2}
	EndGlobalSection
EndGlobal
