
Microsoft Visual Studio Solution File, Format Version 12.00
# Visual Studio Version 16
VisualStudioVersion = 16.0.31105.61
MinimumVisualStudioVersion = 10.0.40219.1
Project("{FAE04EC0-301F-11D3-BF4B-00C04F79EFBC}") = "ConsoleApp3", "ConsoleApp3\ConsoleApp3.csproj", "{106E84B3-F459-458A-B573-FEF8D58D53DE}"
EndProject
Global
	GlobalSection(SolutionConfigurationPlatforms) = preSolution
		Debug|Any CPU = Debug|Any CPU
		Release|Any CPU = Release|Any CPU
	EndGlobalSection
	GlobalSection(ProjectConfigurationPlatforms) = postSolution
		{106E84B3-F459-458A-B573-FEF8D58D53DE}.Debug|Any CPU.ActiveCfg = Debug|Any CPU
		{106E84B3-F459-458A-B573-FEF8D58D53DE}.Debug|Any CPU.Build.0 = Debug|Any CPU
		{106E84B3-F459-458A-B573-FEF8D58D53DE}.Release|Any CPU.ActiveCfg = Release|Any CPU
		{106E84B3-F459-458A-B573-FEF8D58D53DE}.Release|Any CPU.Build.0 = Release|Any CPU
	EndGlobalSection
	GlobalSection(SolutionProperties) = preSolution
		HideSolutionNode = FALSE
	EndGlobalSection
	GlobalSection(ExtensibilityGlobals) = postSolution
		SolutionGuid = {4B510AD2-7FB2-4CA2-994F-82992D82B6ED}
	EndGlobalSection
EndGlobal
