
Microsoft Visual Studio Solution File, Format Version 12.00
# Visual Studio Version 16
VisualStudioVersion = 16.0.31105.61
MinimumVisualStudioVersion = 10.0.40219.1
Project("{FAE04EC0-301F-11D3-BF4B-00C04F79EFBC}") = "ConsoleApp9", "ConsoleApp9\ConsoleApp9.csproj", "{C0B4CB46-9ABD-411D-8008-29143C5B1DDE}"
EndProject
Global
	GlobalSection(SolutionConfigurationPlatforms) = preSolution
		Debug|Any CPU = Debug|Any CPU
		Release|Any CPU = Release|Any CPU
	EndGlobalSection
	GlobalSection(ProjectConfigurationPlatforms) = postSolution
		{C0B4CB46-9ABD-411D-8008-29143C5B1DDE}.Debug|Any CPU.ActiveCfg = Debug|Any CPU
		{C0B4CB46-9ABD-411D-8008-29143C5B1DDE}.Debug|Any CPU.Build.0 = Debug|Any CPU
		{C0B4CB46-9ABD-411D-8008-29143C5B1DDE}.Release|Any CPU.ActiveCfg = Release|Any CPU
		{C0B4CB46-9ABD-411D-8008-29143C5B1DDE}.Release|Any CPU.Build.0 = Release|Any CPU
	EndGlobalSection
	GlobalSection(SolutionProperties) = preSolution
		HideSolutionNode = FALSE
	EndGlobalSection
	GlobalSection(ExtensibilityGlobals) = postSolution
		SolutionGuid = {0F9CB2AF-6138-4A23-99F6-6F9A9D394F69}
	EndGlobalSection
EndGlobal
